
Microsoft Visual Studio Solution File, Format Version 12.00
# Visual Studio Version 17
VisualStudioVersion = 17.0.31903.59
MinimumVisualStudioVersion = 10.0.40219.1
Project("{FAE04EC0-301F-11D3-BF4B-00C04F79EFBC}") = "AccountsBackend.BusinessLogic", "AccountsBackend.BusinessLogic\AccountsBackend.BusinessLogic.csproj", "{01E97035-7D3A-4A27-A725-6DC8AFAFE1F2}"
EndProject
Project("{FAE04EC0-301F-11D3-BF4B-00C04F79EFBC}") = "AccountsBackend.Data", "AccountsBackend.Data\AccountsBackend.Data.csproj", "{BFF31ED9-DFA2-4F97-AB8C-F3618FFC9686}"
EndProject
Project("{FAE04EC0-301F-11D3-BF4B-00C04F79EFBC}") = "AccountsBackend.WebAPI", "AccountsBackend.WebAPI\AccountsBackend.WebAPI.csproj", "{5F55F91C-B0A4-4A3F-A176-A8ED01F28B7B}"
EndProject
Global
	GlobalSection(SolutionConfigurationPlatforms) = preSolution
		Debug|Any CPU = Debug|Any CPU
		Release|Any CPU = Release|Any CPU
	EndGlobalSection
	GlobalSection(SolutionProperties) = preSolution
		HideSolutionNode = FALSE
	EndGlobalSection
	GlobalSection(ProjectConfigurationPlatforms) = postSolution
		{01E97035-7D3A-4A27-A725-6DC8AFAFE1F2}.Debug|Any CPU.ActiveCfg = Debug|Any CPU
		{01E97035-7D3A-4A27-A725-6DC8AFAFE1F2}.Debug|Any CPU.Build.0 = Debug|Any CPU
		{01E97035-7D3A-4A27-A725-6DC8AFAFE1F2}.Release|Any CPU.ActiveCfg = Release|Any CPU
		{01E97035-7D3A-4A27-A725-6DC8AFAFE1F2}.Release|Any CPU.Build.0 = Release|Any CPU
		{BFF31ED9-DFA2-4F97-AB8C-F3618FFC9686}.Debug|Any CPU.ActiveCfg = Debug|Any CPU
		{BFF31ED9-DFA2-4F97-AB8C-F3618FFC9686}.Debug|Any CPU.Build.0 = Debug|Any CPU
		{BFF31ED9-DFA2-4F97-AB8C-F3618FFC9686}.Release|Any CPU.ActiveCfg = Release|Any CPU
		{BFF31ED9-DFA2-4F97-AB8C-F3618FFC9686}.Release|Any CPU.Build.0 = Release|Any CPU
		{5F55F91C-B0A4-4A3F-A176-A8ED01F28B7B}.Debug|Any CPU.ActiveCfg = Debug|Any CPU
		{5F55F91C-B0A4-4A3F-A176-A8ED01F28B7B}.Debug|Any CPU.Build.0 = Debug|Any CPU
		{5F55F91C-B0A4-4A3F-A176-A8ED01F28B7B}.Release|Any CPU.ActiveCfg = Release|Any CPU
		{5F55F91C-B0A4-4A3F-A176-A8ED01F28B7B}.Release|Any CPU.Build.0 = Release|Any CPU
	EndGlobalSection
EndGlobal
